
Microsoft Visual Studio Solution File, Format Version 12.00
# Visual Studio Version 16
VisualStudioVersion = 16.0.30406.217
MinimumVisualStudioVersion = 10.0.40219.1
Project("{8BC9CEB8-8B4A-11D0-8D11-00A0C91BC942}") = "Struct_sv", "Struct_sv.vcxproj", "{128B8626-9926-4FBC-9E2C-89280F24A1F6}"
EndProject
Global
	GlobalSection(SolutionConfigurationPlatforms) = preSolution
		Debug|x64 = Debug|x64
		Debug|x86 = Debug|x86
		Release|x64 = Release|x64
		Release|x86 = Release|x86
	EndGlobalSection
	GlobalSection(ProjectConfigurationPlatforms) = postSolution
		{128B8626-9926-4FBC-9E2C-89280F24A1F6}.Debug|x64.ActiveCfg = Debug|x64
		{128B8626-9926-4FBC-9E2C-89280F24A1F6}.Debug|x64.Build.0 = Debug|x64
		{128B8626-9926-4FBC-9E2C-89280F24A1F6}.Debug|x86.ActiveCfg = Debug|Win32
		{128B8626-9926-4FBC-9E2C-89280F24A1F6}.Debug|x86.Build.0 = Debug|Win32
		{128B8626-9926-4FBC-9E2C-89280F24A1F6}.Release|x64.ActiveCfg = Release|x64
		{128B8626-9926-4FBC-9E2C-89280F24A1F6}.Release|x64.Build.0 = Release|x64
		{128B8626-9926-4FBC-9E2C-89280F24A1F6}.Release|x86.ActiveCfg = Release|Win32
		{128B8626-9926-4FBC-9E2C-89280F24A1F6}.Release|x86.Build.0 = Release|Win32
	EndGlobalSection
	GlobalSection(SolutionProperties) = preSolution
		HideSolutionNode = FALSE
	EndGlobalSection
	GlobalSection(ExtensibilityGlobals) = postSolution
		SolutionGuid = {BF7C37B1-2639-40BD-A29A-5B5F25B316DA}
	EndGlobalSection
EndGlobal
